Microsoft Visual Studio Solution File, Format Version 12.00
# Visual Studio Version 17
VisualStudioVersion = 17.5.2.0
MinimumVisualStudioVersion = 10.0.40219.1
Project("{FAE04EC0-301F-11D3-BF4B-00C04F79EFBC}") = "Enigma", "Enigma.csproj", "{6C1A6275-A756-AA34-59DA-F6B4FD7303A6}"
EndProject
Global
	GlobalSection(SolutionConfigurationPlatforms) = preSolution
		Debug|Any CPU = Debug|Any CPU
		Release|Any CPU = Release|Any CPU
	EndGlobalSection
	GlobalSection(ProjectConfigurationPlatforms) = postSolution
		{6C1A6275-A756-AA34-59DA-F6B4FD7303A6}.Debug|Any CPU.ActiveCfg = Debug|Any CPU
		{6C1A6275-A756-AA34-59DA-F6B4FD7303A6}.Debug|Any CPU.Build.0 = Debug|Any CPU
		{6C1A6275-A756-AA34-59DA-F6B4FD7303A6}.Release|Any CPU.ActiveCfg = Release|Any CPU
		{6C1A6275-A756-AA34-59DA-F6B4FD7303A6}.Release|Any CPU.Build.0 = Release|Any CPU
	EndGlobalSection
	GlobalSection(SolutionProperties) = preSolution
		HideSolutionNode = FALSE
	EndGlobalSection
	GlobalSection(ExtensibilityGlobals) = postSolution
		SolutionGuid = {463278AE-C09C-40F9-98FC-8EB893B38045}
	EndGlobalSection
EndGlobal
